<?xml version="1.0" encoding="utf-8"?>
<Project ToolsVersion="4.0" xmlns="http://schemas.microsoft.com/developer/msbuild/2003">
  <ItemGroup>
    <Filter Include="Net">
      <UniqueIdentifier>{0c13a947-1dad-485e-a71e-b95304117136}</UniqueIdentifier>
    </Filter>
    <Filter Include="Source">
      <UniqueIdentifier>{46a752d3-3683-4cb9-852f-aefa3220d459}</UniqueIdentifier>
    </Filter>
    <Filter Include="Common">
      <UniqueIdentifier>{42d52ee1-0aaf-415b-922b-5eed8ed701a5}</UniqueIdentifier>
    </Filter>
  </ItemGroup>
  <ItemGroup>
    <ClCompile Include="Net\CClientEventHandle.cpp">
      <Filter>Net</Filter>
    </ClCompile>
    <ClCompile Include="Net\CClientEventHandleReceiver.cpp">
      <Filter>Net</Filter>
    </ClCompile>
    <ClCompile Include="Net\SocketClient.cpp">
      <Filter>Net</Filter>
    </ClCompile>
    <ClCompile Include="Main.cpp">
      <Filter>Source</Filter>
    </ClCompile>
    <ClCompile Include="Minons.cpp">
      <Filter>Source</Filter>
    </ClCompile>
    <ClCompile Include="StdAfx.cpp">
      <Filter>Source</Filter>
    </ClCompile>
    <ClCompile Include="MessageProcess.cpp">
      <Filter>Source</Filter>
    </ClCompile>
  </ItemGroup>
  <ItemGroup>
    <ClInclude Include="Net\CClientEventHandle.h">
      <Filter>Net</Filter>
    </ClInclude>
    <ClInclude Include="Net\CClientEventHandleReceiver.h">
      <Filter>Net</Filter>
    </ClInclude>
    <ClInclude Include="Net\SocketClient.h">
      <Filter>Net</Filter>
    </ClInclude>
    <ClInclude Include="Minons.h">
      <Filter>Source</Filter>
    </ClInclude>
    <ClInclude Include="StdAfx.h">
      <Filter>Source</Filter>
    </ClInclude>
    <ClInclude Include="..\..\common\MESSAGE_ID.h">
      <Filter>Common</Filter>
    </ClInclude>
    <ClInclude Include="..\..\common\MSGCode.h">
      <Filter>Common</Filter>
    </ClInclude>
    <ClInclude Include="..\..\common\MSGGame.h">
      <Filter>Common</Filter>
    </ClInclude>
    <ClInclude Include="..\..\common\MSGLogin.h">
      <Filter>Common</Filter>
    </ClInclude>
    <ClInclude Include="..\..\common\RoleCommon.h">
      <Filter>Common</Filter>
    </ClInclude>
    <ClInclude Include="MessageProcess.h">
      <Filter>Source</Filter>
    </ClInclude>
  </ItemGroup>
</Project>